
Microsoft Visual Studio Solution File, Format Version 12.00
# Visual Studio 2013
VisualStudioVersion = 12.0.21005.1
MinimumVisualStudioVersion = 10.0.40219.1
Project("{FAE04EC0-301F-11D3-BF4B-00C04F79EFBC}") = "Mvc_Razor", "Mvc_Razor\Mvc_Razor.csproj", "{DDC79421-558F-499F-867A-42B86B9A20A0}"
EndProject
Global
	GlobalSection(SolutionConfigurationPlatforms) = preSolution
		Debug|Any CPU = Debug|Any CPU
		Release|Any CPU = Release|Any CPU
	EndGlobalSection
	GlobalSection(ProjectConfigurationPlatforms) = postSolution
		{DDC79421-558F-499F-867A-42B86B9A20A0}.Debug|Any CPU.ActiveCfg = Debug|Any CPU
		{DDC79421-558F-499F-867A-42B86B9A20A0}.Debug|Any CPU.Build.0 = Debug|Any CPU
		{DDC79421-558F-499F-867A-42B86B9A20A0}.Release|Any CPU.ActiveCfg = Release|Any CPU
		{DDC79421-558F-499F-867A-42B86B9A20A0}.Release|Any CPU.Build.0 = Release|Any CPU
	EndGlobalSection
	GlobalSection(SolutionProperties) = preSolution
		HideSolutionNode = FALSE
	EndGlobalSection
EndGlobal
